<?xml version="1.0" encoding="utf-8"?>
<Project ToolsVersion="4.0" xmlns="http://schemas.microsoft.com/developer/msbuild/2003">
  <ItemGroup>
    <Filter Include="Shaders">
      <UniqueIdentifier>{8e595723-add9-42f2-8215-4fcf74f338ac}</UniqueIdentifier>
    </Filter>
    <Filter Include="Models">
      <UniqueIdentifier>{64fc769d-bad4-4c24-bf49-281a0d86541d}</UniqueIdentifier>
    </Filter>
  </ItemGroup>
  <ItemGroup>
    <None Include="shader.fx">
      <Filter>Shaders</Filter>
    </None>
  </ItemGroup>
  <ItemGroup>
    <MeshContentTask Include="Bird\BirdModelV1.fbx">
      <Filter>Models</Filter>
    </MeshContentTask>
  </ItemGroup>
</Project>